
Microsoft Visual Studio Solution File, Format Version 12.00
# Visual Studio Version 16
VisualStudioVersion = 16.0.31624.102
MinimumVisualStudioVersion = 10.0.40219.1
Project("{FAE04EC0-301F-11D3-BF4B-00C04F79EFBC}") = "Gyak7", "Gyak7\Gyak7.csproj", "{FB9FC84E-C0AF-4AA7-8251-2F08CD1E6CAB}"
EndProject
Project("{FAE04EC0-301F-11D3-BF4B-00C04F79EFBC}") = "Gyak7_2", "Gyak7_2\Gyak7_2.csproj", "{23F3008B-8033-414A-887C-41CEFB831D74}"
EndProject
Project("{FAE04EC0-301F-11D3-BF4B-00C04F79EFBC}") = "Gyak7_3", "Gyak7_3\Gyak7_3.csproj", "{0295026D-9F5F-4FAF-8D99-1F9AAE7F241F}"
EndProject
Project("{FAE04EC0-301F-11D3-BF4B-00C04F79EFBC}") = "Gyak7_4", "Gyak7_4\Gyak7_4.csproj", "{D9B3414C-AE5E-444F-92DD-9C07B8390827}"
EndProject
Global
	GlobalSection(SolutionConfigurationPlatforms) = preSolution
		Debug|Any CPU = Debug|Any CPU
		Release|Any CPU = Release|Any CPU
	EndGlobalSection
	GlobalSection(ProjectConfigurationPlatforms) = postSolution
		{FB9FC84E-C0AF-4AA7-8251-2F08CD1E6CAB}.Debug|Any CPU.ActiveCfg = Debug|Any CPU
		{FB9FC84E-C0AF-4AA7-8251-2F08CD1E6CAB}.Debug|Any CPU.Build.0 = Debug|Any CPU
		{FB9FC84E-C0AF-4AA7-8251-2F08CD1E6CAB}.Release|Any CPU.ActiveCfg = Release|Any CPU
		{FB9FC84E-C0AF-4AA7-8251-2F08CD1E6CAB}.Release|Any CPU.Build.0 = Release|Any CPU
		{23F3008B-8033-414A-887C-41CEFB831D74}.Debug|Any CPU.ActiveCfg = Debug|Any CPU
		{23F3008B-8033-414A-887C-41CEFB831D74}.Debug|Any CPU.Build.0 = Debug|Any CPU
		{23F3008B-8033-414A-887C-41CEFB831D74}.Release|Any CPU.ActiveCfg = Release|Any CPU
		{23F3008B-8033-414A-887C-41CEFB831D74}.Release|Any CPU.Build.0 = Release|Any CPU
		{0295026D-9F5F-4FAF-8D99-1F9AAE7F241F}.Debug|Any CPU.ActiveCfg = Debug|Any CPU
		{0295026D-9F5F-4FAF-8D99-1F9AAE7F241F}.Debug|Any CPU.Build.0 = Debug|Any CPU
		{0295026D-9F5F-4FAF-8D99-1F9AAE7F241F}.Release|Any CPU.ActiveCfg = Release|Any CPU
		{0295026D-9F5F-4FAF-8D99-1F9AAE7F241F}.Release|Any CPU.Build.0 = Release|Any CPU
		{D9B3414C-AE5E-444F-92DD-9C07B8390827}.Debug|Any CPU.ActiveCfg = Debug|Any CPU
		{D9B3414C-AE5E-444F-92DD-9C07B8390827}.Debug|Any CPU.Build.0 = Debug|Any CPU
		{D9B3414C-AE5E-444F-92DD-9C07B8390827}.Release|Any CPU.ActiveCfg = Release|Any CPU
		{D9B3414C-AE5E-444F-92DD-9C07B8390827}.Release|Any CPU.Build.0 = Release|Any CPU
	EndGlobalSection
	GlobalSection(SolutionProperties) = preSolution
		HideSolutionNode = FALSE
	EndGlobalSection
	GlobalSection(ExtensibilityGlobals) = postSolution
		SolutionGuid = {DB4721BF-FF40-4562-B892-BD3054D474DF}
	EndGlobalSection
EndGlobal
